
Microsoft Visual Studio Solution File, Format Version 12.00
# Visual Studio Version 17
VisualStudioVersion = 17.4.33027.239
MinimumVisualStudioVersion = 10.0.40219.1
Project("{9A19103F-16F7-4668-BE54-9A1E7A4F7556}") = "Sparc.Blossom.Web", "Sparc.Blossom.Web\Sparc.Blossom.Web.csproj", "{D5F8FFDE-2386-4472-ADEC-C0E8F89B9A79}"
EndProject
Project("{FAE04EC0-301F-11D3-BF4B-00C04F79EFBC}") = "Sparc.Blossom.Server", "Sparc.Blossom.Server\Sparc.Blossom.Server.csproj", "{FBFFA6F0-F4D7-4EA2-9DF5-8DF4A84AFBDC}"
EndProject
Global
	GlobalSection(SolutionConfigurationPlatforms) = preSolution
		Debug|Any CPU = Debug|Any CPU
		Release|Any CPU = Release|Any CPU
	EndGlobalSection
	GlobalSection(ProjectConfigurationPlatforms) = postSolution
		{D5F8FFDE-2386-4472-ADEC-C0E8F89B9A79}.Debug|Any CPU.ActiveCfg = Debug|Any CPU
		{D5F8FFDE-2386-4472-ADEC-C0E8F89B9A79}.Debug|Any CPU.Build.0 = Debug|Any CPU
		{D5F8FFDE-2386-4472-ADEC-C0E8F89B9A79}.Release|Any CPU.ActiveCfg = Release|Any CPU
		{D5F8FFDE-2386-4472-ADEC-C0E8F89B9A79}.Release|Any CPU.Build.0 = Release|Any CPU
		{FBFFA6F0-F4D7-4EA2-9DF5-8DF4A84AFBDC}.Debug|Any CPU.ActiveCfg = Debug|Any CPU
		{FBFFA6F0-F4D7-4EA2-9DF5-8DF4A84AFBDC}.Debug|Any CPU.Build.0 = Debug|Any CPU
		{FBFFA6F0-F4D7-4EA2-9DF5-8DF4A84AFBDC}.Release|Any CPU.ActiveCfg = Release|Any CPU
		{FBFFA6F0-F4D7-4EA2-9DF5-8DF4A84AFBDC}.Release|Any CPU.Build.0 = Release|Any CPU
	EndGlobalSection
	GlobalSection(SolutionProperties) = preSolution
		HideSolutionNode = FALSE
	EndGlobalSection
	GlobalSection(ExtensibilityGlobals) = postSolution
		SolutionGuid = {1DA4EA51-697E-47FC-97FA-DCF883CE7D25}
	EndGlobalSection
EndGlobal
